
Microsoft Visual Studio Solution File, Format Version 12.00
# Visual Studio 15
VisualStudioVersion = 15.0.28307.757
MinimumVisualStudioVersion = 10.0.40219.1
Project("{FAE04EC0-301F-11D3-BF4B-00C04F79EFBC}") = "OpenMVCApp", "OpenMVCApp\OpenMVCApp.csproj", "{26BE85D6-67CE-4363-A1CA-0D412BA1F3F3}"
EndProject
Global
	GlobalSection(SolutionConfigurationPlatforms) = preSolution
		Debug|Any CPU = Debug|Any CPU
		Release|Any CPU = Release|Any CPU
	EndGlobalSection
	GlobalSection(ProjectConfigurationPlatforms) = postSolution
		{26BE85D6-67CE-4363-A1CA-0D412BA1F3F3}.Debug|Any CPU.ActiveCfg = Debug|Any CPU
		{26BE85D6-67CE-4363-A1CA-0D412BA1F3F3}.Debug|Any CPU.Build.0 = Debug|Any CPU
		{26BE85D6-67CE-4363-A1CA-0D412BA1F3F3}.Release|Any CPU.ActiveCfg = Release|Any CPU
		{26BE85D6-67CE-4363-A1CA-0D412BA1F3F3}.Release|Any CPU.Build.0 = Release|Any CPU
	EndGlobalSection
	GlobalSection(SolutionProperties) = preSolution
		HideSolutionNode = FALSE
	EndGlobalSection
	GlobalSection(ExtensibilityGlobals) = postSolution
		SolutionGuid = {5D16CC2B-9AEF-49A6-A73F-AB6F8538FE27}
	EndGlobalSection
EndGlobal
